{
    "_readme": [
        "This file locks the dependencies of your project to a known state",
        "Read more about it at https://getcomposer.org/doc/01-basic-usage.md#composer-lock-the-lock-file",
        "This file is @generated automatically"
    ],
    "hash": "2b16d2bd18340d5bb3bd6230a2f1d163",
    "content-hash": "d739c61a17b0797a634b3db682cdcfa5",
    "packages": [
        {
            "name": "eoghanobrien/php-simple-mail",
            "version": "1.5.0",
            "source": {
                "type": "git",
                "url": "https://github.com/eoghanobrien/php-simple-mail.git",
                "reference": "c9d6bf3e768c0b7ac3fd3f079249f8bfb84ffcfb"
            },
            "dist": {
                "type": "zip",
                "url": "https://api.github.com/repos/eoghanobrien/php-simple-mail/zipball/c9d6bf3e768c0b7ac3fd3f079249f8bfb84ffcfb",
                "reference": "c9d6bf3e768c0b7ac3fd3f079249f8bfb84ffcfb",
                "shasum": ""
            },
            "require": {
                "php": ">=5.2.0"
            },
            "type": "library",
            "autoload": {
                "classmap": [
                    "class.simple_mail.php"
                ]
            },
            "notification-url": "https://packagist.org/downloads/",
            "license": [
                "MIT"
            ],
            "authors": [
                {
                    "name": "Eoghan O'Brien",
                    "email": "eoghan@eoghanobrien.com",
                    "homepage": "http://www.eoghanobrien.com",
                    "role": "Developer"
                }
            ],
            "description": "Simple PHP 5 Email Class with Chainable Methods",
            "homepage": "https://github.com/eoghanobrien/php-simple-mail",
            "keywords": [
                "email",
                "php5"
            ],
            "time": "2015-11-13 08:40:58"
        },
        {
            "name": "vlucas/phpdotenv",
            "version": "v2.3.0",
            "source": {
                "type": "git",
                "url": "https://github.com/vlucas/phpdotenv.git",
                "reference": "9ca5644c536654e9509b9d257f53c58630eb2a6a"
            },
            "dist": {
                "type": "zip",
                "url": "https://api.github.com/repos/vlucas/phpdotenv/zipball/9ca5644c536654e9509b9d257f53c58630eb2a6a",
                "reference": "9ca5644c536654e9509b9d257f53c58630eb2a6a",
                "shasum": ""
            },
            "require": {
                "php": ">=5.3.9"
            },
            "require-dev": {
                "phpunit/phpunit": "^4.8 || ^5.0"
            },
            "type": "library",
            "extra": {
                "branch-alias": {
                    "dev-master": "2.3-dev"
                }
            },
            "autoload": {
                "psr-4": {
                    "Dotenv\\": "src/"
                }
            },
            "notification-url": "https://packagist.org/downloads/",
            "license": [
                "BSD-3-Clause-Attribution"
            ],
            "authors": [
                {
                    "name": "Vance Lucas",
                    "email": "vance@vancelucas.com",
                    "homepage": "http://www.vancelucas.com"
                }
            ],
            "description": "Loads environment variables from `.env` to `getenv()`, `$_ENV` and `$_SERVER` automagically.",
            "keywords": [
                "dotenv",
                "env",
                "environment"
            ],
            "time": "2016-06-14 14:14:52"
        }
    ],
    "packages-dev": [],
    "aliases": [],
    "minimum-stability": "stable",
    "stability-flags": [],
    "prefer-stable": false,
    "prefer-lowest": false,
    "platform": [],
    "platform-dev": []
}
